
Microsoft Visual Studio Solution File, Format Version 12.00
# Visual Studio Version 17
VisualStudioVersion = 17.10.34928.147
MinimumVisualStudioVersion = 10.0.40219.1
Project("{9A19103F-16F7-4668-BE54-9A1E7A4F7556}") = "LAS.UI.Web", "..\LAS.UI.Web\LAS.UI.Web.csproj", "{60DFD405-21E5-4E08-B527-F00BB997D895}"
EndProject
Project("{9A19103F-16F7-4668-BE54-9A1E7A4F7556}") = "LAS.WebAPI", "..\LAS.WebAPI\LAS.WebAPI.csproj", "{BEDBC42A-23E0-4198-AEC9-76C9130C4C0A}"
EndProject
Project("{9A19103F-16F7-4668-BE54-9A1E7A4F7556}") = "LAS.UI.WinForm", "..\LAS.UI.WinForm\LAS.UI.WinForm.csproj", "{95A1F5B5-4027-4514-B23C-171C55980FED}"
EndProject
Project("{9A19103F-16F7-4668-BE54-9A1E7A4F7556}") = "LAS.Lib.WebAccessor", "..\LAS.Lib.WebAccessor\LAS.Lib.WebAccessor.csproj", "{3CC55922-A3B0-44EF-9331-B519364957EF}"
EndProject
Project("{9A19103F-16F7-4668-BE54-9A1E7A4F7556}") = "LAS.Domain", "..\LAS.Domain\LAS.Domain.csproj", "{BA03164A-519A-49A1-82C0-624B54A59868}"
EndProject
Project("{9A19103F-16F7-4668-BE54-9A1E7A4F7556}") = "LAS.Infrastructure", "..\LAS.Infrastructure\LAS.Infrastructure.csproj", "{E16ACE37-2880-4D2C-8481-1D1903A597DB}"
EndProject
Project("{9A19103F-16F7-4668-BE54-9A1E7A4F7556}") = "LAS.Test", "..\LAS.Test\LAS.Test.csproj", "{C15344B5-441D-4F5A-9C33-6C96DDF18163}"
EndProject
Global
	GlobalSection(SolutionConfigurationPlatforms) = preSolution
		Debug|Any CPU = Debug|Any CPU
		Release|Any CPU = Release|Any CPU
	EndGlobalSection
	GlobalSection(ProjectConfigurationPlatforms) = postSolution
		{60DFD405-21E5-4E08-B527-F00BB997D895}.Debug|Any CPU.ActiveCfg = Debug|Any CPU
		{60DFD405-21E5-4E08-B527-F00BB997D895}.Debug|Any CPU.Build.0 = Debug|Any CPU
		{60DFD405-21E5-4E08-B527-F00BB997D895}.Release|Any CPU.ActiveCfg = Release|Any CPU
		{60DFD405-21E5-4E08-B527-F00BB997D895}.Release|Any CPU.Build.0 = Release|Any CPU
		{BEDBC42A-23E0-4198-AEC9-76C9130C4C0A}.Debug|Any CPU.ActiveCfg = Debug|Any CPU
		{BEDBC42A-23E0-4198-AEC9-76C9130C4C0A}.Debug|Any CPU.Build.0 = Debug|Any CPU
		{BEDBC42A-23E0-4198-AEC9-76C9130C4C0A}.Release|Any CPU.ActiveCfg = Release|Any CPU
		{BEDBC42A-23E0-4198-AEC9-76C9130C4C0A}.Release|Any CPU.Build.0 = Release|Any CPU
		{95A1F5B5-4027-4514-B23C-171C55980FED}.Debug|Any CPU.ActiveCfg = Debug|Any CPU
		{95A1F5B5-4027-4514-B23C-171C55980FED}.Debug|Any CPU.Build.0 = Debug|Any CPU
		{95A1F5B5-4027-4514-B23C-171C55980FED}.Release|Any CPU.ActiveCfg = Release|Any CPU
		{95A1F5B5-4027-4514-B23C-171C55980FED}.Release|Any CPU.Build.0 = Release|Any CPU
		{3CC55922-A3B0-44EF-9331-B519364957EF}.Debug|Any CPU.ActiveCfg = Debug|Any CPU
		{3CC55922-A3B0-44EF-9331-B519364957EF}.Debug|Any CPU.Build.0 = Debug|Any CPU
		{3CC55922-A3B0-44EF-9331-B519364957EF}.Release|Any CPU.ActiveCfg = Release|Any CPU
		{3CC55922-A3B0-44EF-9331-B519364957EF}.Release|Any CPU.Build.0 = Release|Any CPU
		{BA03164A-519A-49A1-82C0-624B54A59868}.Debug|Any CPU.ActiveCfg = Debug|Any CPU
		{BA03164A-519A-49A1-82C0-624B54A59868}.Debug|Any CPU.Build.0 = Debug|Any CPU
		{BA03164A-519A-49A1-82C0-624B54A59868}.Release|Any CPU.ActiveCfg = Release|Any CPU
		{BA03164A-519A-49A1-82C0-624B54A59868}.Release|Any CPU.Build.0 = Release|Any CPU
		{E16ACE37-2880-4D2C-8481-1D1903A597DB}.Debug|Any CPU.ActiveCfg = Debug|Any CPU
		{E16ACE37-2880-4D2C-8481-1D1903A597DB}.Debug|Any CPU.Build.0 = Debug|Any CPU
		{E16ACE37-2880-4D2C-8481-1D1903A597DB}.Release|Any CPU.ActiveCfg = Release|Any CPU
		{E16ACE37-2880-4D2C-8481-1D1903A597DB}.Release|Any CPU.Build.0 = Release|Any CPU
		{C15344B5-441D-4F5A-9C33-6C96DDF18163}.Debug|Any CPU.ActiveCfg = Debug|Any CPU
		{C15344B5-441D-4F5A-9C33-6C96DDF18163}.Debug|Any CPU.Build.0 = Debug|Any CPU
		{C15344B5-441D-4F5A-9C33-6C96DDF18163}.Release|Any CPU.ActiveCfg = Release|Any CPU
		{C15344B5-441D-4F5A-9C33-6C96DDF18163}.Release|Any CPU.Build.0 = Release|Any CPU
	EndGlobalSection
	GlobalSection(SolutionProperties) = preSolution
		HideSolutionNode = FALSE
	EndGlobalSection
	GlobalSection(ExtensibilityGlobals) = postSolution
		SolutionGuid = {9E9A433C-EE59-4F5D-8369-8324AAA7624E}
	EndGlobalSection
EndGlobal
